// !$*UTF8*$!
{
	archiveVersion = 1;
	classes = {
	};
	objectVersion = 55;
	objects = {

/* Begin PBXBuildFile section */
		483DEE80280D94FA00EBF77B /* My_Market_Place_Tests.swift in Sources */ = {isa = PBXBuildFile; fileRef = 483DEE7F280D94FA00EBF77B /* My_Market_Place_Tests.swift */; };
		484413872816844C005ADDB3 /* ProductListRequest.swift in Sources */ = {isa = PBXBuildFile; fileRef = 484413862816844C005ADDB3 /* ProductListRequest.swift */; };
		4844138928168463005ADDB3 /* ProductList.swift in Sources */ = {isa = PBXBuildFile; fileRef = 4844138828168463005ADDB3 /* ProductList.swift */; };
		4844138B2816846C005ADDB3 /* ProductPreview.swift in Sources */ = {isa = PBXBuildFile; fileRef = 4844138A2816846C005ADDB3 /* ProductPreview.swift */; };
		4844138D281686DB005ADDB3 /* Currency.swift in Sources */ = {isa = PBXBuildFile; fileRef = 4844138C281686DB005ADDB3 /* Currency.swift */; };
		4844138F2817E2BA005ADDB3 /* RegistProductRequest.swift in Sources */ = {isa = PBXBuildFile; fileRef = 4844138E2817E2BA005ADDB3 /* RegistProductRequest.swift */; };
		484413912817E2CD005ADDB3 /* ProductParam.swift in Sources */ = {isa = PBXBuildFile; fileRef = 484413902817E2CD005ADDB3 /* ProductParam.swift */; };
		484413932817E363005ADDB3 /* Image.swift in Sources */ = {isa = PBXBuildFile; fileRef = 484413922817E363005ADDB3 /* Image.swift */; };
		484413952817E527005ADDB3 /* RegistImage.swift in Sources */ = {isa = PBXBuildFile; fileRef = 484413942817E527005ADDB3 /* RegistImage.swift */; };
		484413972817E845005ADDB3 /* ProductDetail.swift in Sources */ = {isa = PBXBuildFile; fileRef = 484413962817E845005ADDB3 /* ProductDetail.swift */; };
		484413992817E8C1005ADDB3 /* Vendor.swift in Sources */ = {isa = PBXBuildFile; fileRef = 484413982817E8C1005ADDB3 /* Vendor.swift */; };
		488C36D2281EB844005BA035 /* URLSessionProtocol.swift in Sources */ = {isa = PBXBuildFile; fileRef = 488C36D1281EB844005BA035 /* URLSessionProtocol.swift */; };
		488C36D4281EC0BF005BA035 /* MockURLSession.swift in Sources */ = {isa = PBXBuildFile; fileRef = 488C36D3281EC0BF005BA035 /* MockURLSession.swift */; };
		48C13014280D8E1D005835EE /* .swiftlint.yml in Resources */ = {isa = PBXBuildFile; fileRef = 48C13013280D8E1D005835EE /* .swiftlint.yml */; };
		48CB5549280D869F002C8676 /* AppDelegate.swift in Sources */ = {isa = PBXBuildFile; fileRef = 48CB5548280D869F002C8676 /* AppDelegate.swift */; };
		48CB554B280D869F002C8676 /* SceneDelegate.swift in Sources */ = {isa = PBXBuildFile; fileRef = 48CB554A280D869F002C8676 /* SceneDelegate.swift */; };
		48CB554D280D869F002C8676 /* ViewController.swift in Sources */ = {isa = PBXBuildFile; fileRef = 48CB554C280D869F002C8676 /* ViewController.swift */; };
		48CB5550280D869F002C8676 /* Main.storyboard in Resources */ = {isa = PBXBuildFile; fileRef = 48CB554E280D869F002C8676 /* Main.storyboard */; };
		48CB5552280D86A0002C8676 /* Assets.xcassets in Resources */ = {isa = PBXBuildFile; fileRef = 48CB5551280D86A0002C8676 /* Assets.xcassets */; };
		48CB5555280D86A0002C8676 /* LaunchScreen.storyboard in Resources */ = {isa = PBXBuildFile; fileRef = 48CB5553280D86A0002C8676 /* LaunchScreen.storyboard */; };
		48E5635D2817F86000CB17DF /* ModifiyProductRequest.swift in Sources */ = {isa = PBXBuildFile; fileRef = 48E5635C2817F86000CB17DF /* ModifiyProductRequest.swift */; };
		48E5635F2819794500CB17DF /* DeleteProductRequest.swift in Sources */ = {isa = PBXBuildFile; fileRef = 48E5635E2819794500CB17DF /* DeleteProductRequest.swift */; };
		48E5636128197A4A00CB17DF /* VendorSecretKey.swift in Sources */ = {isa = PBXBuildFile; fileRef = 48E5636028197A4A00CB17DF /* VendorSecretKey.swift */; };
		48E563662819801A00CB17DF /* URLSessionProvider.swift in Sources */ = {isa = PBXBuildFile; fileRef = 48E563652819801A00CB17DF /* URLSessionProvider.swift */; };
		48E563692819840000CB17DF /* NetworkError.swift in Sources */ = {isa = PBXBuildFile; fileRef = 48E563682819840000CB17DF /* NetworkError.swift */; };
		B4A1F5F6F584A466EC167ED7 /* Pods_My_Market_Place.framework in Frameworks */ = {isa = PBXBuildFile; fileRef = C0F13CAB3773C33F0A8F7AFC /* Pods_My_Market_Place.framework */; };
/* End PBXBuildFile section */

/* Begin PBXContainerItemProxy section */
		483DEE81280D94FA00EBF77B /* PBXContainerItemProxy */ = {
			isa = PBXContainerItemProxy;
			containerPortal = 48CB553D280D869F002C8676 /* Project object */;
			proxyType = 1;
			remoteGlobalIDString = 48CB5544280D869F002C8676;
			remoteInfo = My_Market_Place;
		};
/* End PBXContainerItemProxy section */

/* Begin PBXFileReference section */
		148EE5E24E2E5D074762F05A /* Pods-My_Market_Place.release.xcconfig */ = {isa = PBXFileReference; includeInIndex = 1; lastKnownFileType = text.xcconfig; name = "Pods-My_Market_Place.release.xcconfig"; path = "Target Support Files/Pods-My_Market_Place/Pods-My_Market_Place.release.xcconfig"; sourceTree = "<group>"; };
		483DEE7D280D94FA00EBF77B /* My_Market_Place_Tests.xctest */ = {isa = PBXFileReference; explicitFileType = wrapper.cfbundle; includeInIndex = 0; path = My_Market_Place_Tests.xctest; sourceTree = BUILT_PRODUCTS_DIR; };
		483DEE7F280D94FA00EBF77B /* My_Market_Place_Tests.swift */ = {isa = PBXFileReference; lastKnownFileType = sourcecode.swift; path = My_Market_Place_Tests.swift; sourceTree = "<group>"; };
		484413862816844C005ADDB3 /* ProductListRequest.swift */ = {isa = PBXFileReference; lastKnownFileType = sourcecode.swift; path = ProductListRequest.swift; sourceTree = "<group>"; };
		4844138828168463005ADDB3 /* ProductList.swift */ = {isa = PBXFileReference; lastKnownFileType = sourcecode.swift; path = ProductList.swift; sourceTree = "<group>"; };
		4844138A2816846C005ADDB3 /* ProductPreview.swift */ = {isa = PBXFileReference; lastKnownFileType = sourcecode.swift; path = ProductPreview.swift; sourceTree = "<group>"; };
		4844138C281686DB005ADDB3 /* Currency.swift */ = {isa = PBXFileReference; lastKnownFileType = sourcecode.swift; path = Currency.swift; sourceTree = "<group>"; };
		4844138E2817E2BA005ADDB3 /* RegistProductRequest.swift */ = {isa = PBXFileReference; lastKnownFileType = sourcecode.swift; path = RegistProductRequest.swift; sourceTree = "<group>"; };
		484413902817E2CD005ADDB3 /* ProductParam.swift */ = {isa = PBXFileReference; lastKnownFileType = sourcecode.swift; path = ProductParam.swift; sourceTree = "<group>"; };
		484413922817E363005ADDB3 /* Image.swift */ = {isa = PBXFileReference; lastKnownFileType = sourcecode.swift; path = Image.swift; sourceTree = "<group>"; };
		484413942817E527005ADDB3 /* RegistImage.swift */ = {isa = PBXFileReference; lastKnownFileType = sourcecode.swift; path = RegistImage.swift; sourceTree = "<group>"; };
		484413962817E845005ADDB3 /* ProductDetail.swift */ = {isa = PBXFileReference; lastKnownFileType = sourcecode.swift; path = ProductDetail.swift; sourceTree = "<group>"; };
		484413982817E8C1005ADDB3 /* Vendor.swift */ = {isa = PBXFileReference; lastKnownFileType = sourcecode.swift; path = Vendor.swift; sourceTree = "<group>"; };
		488C36D1281EB844005BA035 /* URLSessionProtocol.swift */ = {isa = PBXFileReference; lastKnownFileType = sourcecode.swift; path = URLSessionProtocol.swift; sourceTree = "<group>"; };
		488C36D3281EC0BF005BA035 /* MockURLSession.swift */ = {isa = PBXFileReference; lastKnownFileType = sourcecode.swift; path = MockURLSession.swift; sourceTree = "<group>"; };
		48C13013280D8E1D005835EE /* .swiftlint.yml */ = {isa = PBXFileReference; lastKnownFileType = text.yaml; path = .swiftlint.yml; sourceTree = "<group>"; };
		48CB5545280D869F002C8676 /* My_Market_Place.app */ = {isa = PBXFileReference; explicitFileType = wrapper.application; includeInIndex = 0; path = My_Market_Place.app; sourceTree = BUILT_PRODUCTS_DIR; };
		48CB5548280D869F002C8676 /* AppDelegate.swift */ = {isa = PBXFileReference; lastKnownFileType = sourcecode.swift; path = AppDelegate.swift; sourceTree = "<group>"; };
		48CB554A280D869F002C8676 /* SceneDelegate.swift */ = {isa = PBXFileReference; lastKnownFileType = sourcecode.swift; path = SceneDelegate.swift; sourceTree = "<group>"; };
		48CB554C280D869F002C8676 /* ViewController.swift */ = {isa = PBXFileReference; lastKnownFileType = sourcecode.swift; path = ViewController.swift; sourceTree = "<group>"; };
		48CB554F280D869F002C8676 /* Base */ = {isa = PBXFileReference; lastKnownFileType = file.storyboard; name = Base; path = Base.lproj/Main.storyboard; sourceTree = "<group>"; };
		48CB5551280D86A0002C8676 /* Assets.xcassets */ = {isa = PBXFileReference; lastKnownFileType = folder.assetcatalog; path = Assets.xcassets; sourceTree = "<group>"; };
		48CB5554280D86A0002C8676 /* Base */ = {isa = PBXFileReference; lastKnownFileType = file.storyboard; name = Base; path = Base.lproj/LaunchScreen.storyboard; sourceTree = "<group>"; };
		48CB5556280D86A0002C8676 /* Info.plist */ = {isa = PBXFileReference; lastKnownFileType = text.plist.xml; path = Info.plist; sourceTree = "<group>"; };
		48E5635C2817F86000CB17DF /* ModifiyProductRequest.swift */ = {isa = PBXFileReference; lastKnownFileType = sourcecode.swift; path = ModifiyProductRequest.swift; sourceTree = "<group>"; };
		48E5635E2819794500CB17DF /* DeleteProductRequest.swift */ = {isa = PBXFileReference; lastKnownFileType = sourcecode.swift; path = DeleteProductRequest.swift; sourceTree = "<group>"; };
		48E5636028197A4A00CB17DF /* VendorSecretKey.swift */ = {isa = PBXFileReference; lastKnownFileType = sourcecode.swift; path = VendorSecretKey.swift; sourceTree = "<group>"; };
		48E563652819801A00CB17DF /* URLSessionProvider.swift */ = {isa = PBXFileReference; lastKnownFileType = sourcecode.swift; path = URLSessionProvider.swift; sourceTree = "<group>"; };
		48E563682819840000CB17DF /* NetworkError.swift */ = {isa = PBXFileReference; lastKnownFileType = sourcecode.swift; path = NetworkError.swift; sourceTree = "<group>"; };
		B5C455A842E812F6A1CCDF04 /* Pods-My_Market_Place.debug.xcconfig */ = {isa = PBXFileReference; includeInIndex = 1; lastKnownFileType = text.xcconfig; name = "Pods-My_Market_Place.debug.xcconfig"; path = "Target Support Files/Pods-My_Market_Place/Pods-My_Market_Place.debug.xcconfig"; sourceTree = "<group>"; };
		C0F13CAB3773C33F0A8F7AFC /* Pods_My_Market_Place.framework */ = {isa = PBXFileReference; explicitFileType = wrapper.framework; includeInIndex = 0; path = Pods_My_Market_Place.framework; sourceTree = BUILT_PRODUCTS_DIR; };
/* End PBXFileReference section */

/* Begin PBXFrameworksBuildPhase section */
		483DEE7A280D94FA00EBF77B /* Frameworks */ = {
			isa = PBXFrameworksBuildPhase;
			buildActionMask = 2147483647;
			files = (
			);
			runOnlyForDeploymentPostprocessing = 0;
		};
		48CB5542280D869F002C8676 /* Frameworks */ = {
			isa = PBXFrameworksBuildPhase;
			buildActionMask = 2147483647;
			files = (
				B4A1F5F6F584A466EC167ED7 /* Pods_My_Market_Place.framework in Frameworks */,
			);
			runOnlyForDeploymentPostprocessing = 0;
		};
/* End PBXFrameworksBuildPhase section */

/* Begin PBXGroup section */
		08D234217AD1D777C7B353D1 /* Pods */ = {
			isa = PBXGroup;
			children = (
				B5C455A842E812F6A1CCDF04 /* Pods-My_Market_Place.debug.xcconfig */,
				148EE5E24E2E5D074762F05A /* Pods-My_Market_Place.release.xcconfig */,
			);
			path = Pods;
			sourceTree = "<group>";
		};
		483DEE7E280D94FA00EBF77B /* My_Market_Place_Tests */ = {
			isa = PBXGroup;
			children = (
				483DEE7F280D94FA00EBF77B /* My_Market_Place_Tests.swift */,
			);
			path = My_Market_Place_Tests;
			sourceTree = "<group>";
		};
		4844137F28168316005ADDB3 /* Model */ = {
			isa = PBXGroup;
			children = (
				4844138028168321005ADDB3 /* Common */,
				4844138128168328005ADDB3 /* ProductList */,
				4844138228168334005ADDB3 /* RegistProduct */,
				484413832816833E005ADDB3 /* ModifyProduct */,
				4844138528168354005ADDB3 /* DeleteProduct */,
			);
			path = Model;
			sourceTree = "<group>";
		};
		4844138028168321005ADDB3 /* Common */ = {
			isa = PBXGroup;
			children = (
				484413962817E845005ADDB3 /* ProductDetail.swift */,
				484413982817E8C1005ADDB3 /* Vendor.swift */,
				484413922817E363005ADDB3 /* Image.swift */,
				4844138C281686DB005ADDB3 /* Currency.swift */,
			);
			path = Common;
			sourceTree = "<group>";
		};
		4844138128168328005ADDB3 /* ProductList */ = {
			isa = PBXGroup;
			children = (
				484413862816844C005ADDB3 /* ProductListRequest.swift */,
				4844138828168463005ADDB3 /* ProductList.swift */,
				4844138A2816846C005ADDB3 /* ProductPreview.swift */,
			);
			path = ProductList;
			sourceTree = "<group>";
		};
		4844138228168334005ADDB3 /* RegistProduct */ = {
			isa = PBXGroup;
			children = (
				4844138E2817E2BA005ADDB3 /* RegistProductRequest.swift */,
				484413902817E2CD005ADDB3 /* ProductParam.swift */,
				484413942817E527005ADDB3 /* RegistImage.swift */,
			);
			path = RegistProduct;
			sourceTree = "<group>";
		};
		484413832816833E005ADDB3 /* ModifyProduct */ = {
			isa = PBXGroup;
			children = (
				48E5635C2817F86000CB17DF /* ModifiyProductRequest.swift */,
			);
			path = ModifyProduct;
			sourceTree = "<group>";
		};
		4844138528168354005ADDB3 /* DeleteProduct */ = {
			isa = PBXGroup;
			children = (
				48E5635E2819794500CB17DF /* DeleteProductRequest.swift */,
				48E5636028197A4A00CB17DF /* VendorSecretKey.swift */,
			);
			path = DeleteProduct;
			sourceTree = "<group>";
		};
		48CB553C280D869F002C8676 = {
			isa = PBXGroup;
			children = (
				48C13013280D8E1D005835EE /* .swiftlint.yml */,
				48CB5547280D869F002C8676 /* My_Market_Place */,
				483DEE7E280D94FA00EBF77B /* My_Market_Place_Tests */,
				48CB5546280D869F002C8676 /* Products */,
				08D234217AD1D777C7B353D1 /* Pods */,
				E5346C21552F6BB1343C0A6E /* Frameworks */,
			);
			sourceTree = "<group>";
		};
		48CB5546280D869F002C8676 /* Products */ = {
			isa = PBXGroup;
			children = (
				48CB5545280D869F002C8676 /* My_Market_Place.app */,
				483DEE7D280D94FA00EBF77B /* My_Market_Place_Tests.xctest */,
			);
			name = Products;
			sourceTree = "<group>";
		};
		48CB5547280D869F002C8676 /* My_Market_Place */ = {
			isa = PBXGroup;
			children = (
				48E56367281983EA00CB17DF /* Network */,
				48CB5548280D869F002C8676 /* AppDelegate.swift */,
				48CB554A280D869F002C8676 /* SceneDelegate.swift */,
				48CB554C280D869F002C8676 /* ViewController.swift */,
				48CB554E280D869F002C8676 /* Main.storyboard */,
				48CB5551280D86A0002C8676 /* Assets.xcassets */,
				48CB5553280D86A0002C8676 /* LaunchScreen.storyboard */,
				48CB5556280D86A0002C8676 /* Info.plist */,
				4844137F28168316005ADDB3 /* Model */,
			);
			path = My_Market_Place;
			sourceTree = "<group>";
		};
		48E56367281983EA00CB17DF /* Network */ = {
			isa = PBXGroup;
			children = (
				48E563652819801A00CB17DF /* URLSessionProvider.swift */,
				48E563682819840000CB17DF /* NetworkError.swift */,
				488C36D1281EB844005BA035 /* URLSessionProtocol.swift */,
				488C36D3281EC0BF005BA035 /* MockURLSession.swift */,
			);
			path = Network;
			sourceTree = "<group>";
		};
		E5346C21552F6BB1343C0A6E /* Frameworks */ = {
			isa = PBXGroup;
			children = (
				C0F13CAB3773C33F0A8F7AFC /* Pods_My_Market_Place.framework */,
			);
			name = Frameworks;
			sourceTree = "<group>";
		};
/* End PBXGroup section */

/* Begin PBXNativeTarget section */
		483DEE7C280D94FA00EBF77B /* My_Market_Place_Tests */ = {
			isa = PBXNativeTarget;
			buildConfigurationList = 483DEE83280D94FA00EBF77B /* Build configuration list for PBXNativeTarget "My_Market_Place_Tests" */;
			buildPhases = (
				483DEE79280D94FA00EBF77B /* Sources */,
				483DEE7A280D94FA00EBF77B /* Frameworks */,
				483DEE7B280D94FA00EBF77B /* Resources */,
			);
			buildRules = (
			);
			dependencies = (
				483DEE82280D94FA00EBF77B /* PBXTargetDependency */,
			);
			name = My_Market_Place_Tests;
			productName = My_Market_Place_Tests;
			productReference = 483DEE7D280D94FA00EBF77B /* My_Market_Place_Tests.xctest */;
			productType = "com.apple.product-type.bundle.unit-test";
		};
		48CB5544280D869F002C8676 /* My_Market_Place */ = {
			isa = PBXNativeTarget;
			buildConfigurationList = 48CB5559280D86A0002C8676 /* Build configuration list for PBXNativeTarget "My_Market_Place" */;
			buildPhases = (
				E67E15988467DBA3856CE89E /* [CP] Check Pods Manifest.lock */,
				48CB5541280D869F002C8676 /* Sources */,
				48CB5542280D869F002C8676 /* Frameworks */,
				48CB5543280D869F002C8676 /* Resources */,
				4879A832280D8D350049B8E4 /* ShellScript */,
			);
			buildRules = (
			);
			dependencies = (
			);
			name = My_Market_Place;
			productName = My_Market_Place;
			productReference = 48CB5545280D869F002C8676 /* My_Market_Place.app */;
			productType = "com.apple.product-type.application";
		};
/* End PBXNativeTarget section */

/* Begin PBXProject section */
		48CB553D280D869F002C8676 /* Project object */ = {
			isa = PBXProject;
			attributes = {
				BuildIndependentTargetsInParallel = 1;
				LastSwiftUpdateCheck = 1300;
				LastUpgradeCheck = 1300;
				TargetAttributes = {
					483DEE7C280D94FA00EBF77B = {
						CreatedOnToolsVersion = 13.0;
						TestTargetID = 48CB5544280D869F002C8676;
					};
					48CB5544280D869F002C8676 = {
						CreatedOnToolsVersion = 13.0;
					};
				};
			};
			buildConfigurationList = 48CB5540280D869F002C8676 /* Build configuration list for PBXProject "My_Market_Place" */;
			compatibilityVersion = "Xcode 13.0";
			developmentRegion = en;
			hasScannedForEncodings = 0;
			knownRegions = (
				en,
				Base,
			);
			mainGroup = 48CB553C280D869F002C8676;
			productRefGroup = 48CB5546280D869F002C8676 /* Products */;
			projectDirPath = "";
			projectRoot = "";
			targets = (
				48CB5544280D869F002C8676 /* My_Market_Place */,
				483DEE7C280D94FA00EBF77B /* My_Market_Place_Tests */,
			);
		};
/* End PBXProject section */

/* Begin PBXResourcesBuildPhase section */
		483DEE7B280D94FA00EBF77B /* Resources */ = {
			isa = PBXResourcesBuildPhase;
			buildActionMask = 2147483647;
			files = (
			);
			runOnlyForDeploymentPostprocessing = 0;
		};
		48CB5543280D869F002C8676 /* Resources */ = {
			isa = PBXResourcesBuildPhase;
			buildActionMask = 2147483647;
			files = (
				48C13014280D8E1D005835EE /* .swiftlint.yml in Resources */,
				48CB5555280D86A0002C8676 /* LaunchScreen.storyboard in Resources */,
				48CB5552280D86A0002C8676 /* Assets.xcassets in Resources */,
				48CB5550280D869F002C8676 /* Main.storyboard in Resources */,
			);
			runOnlyForDeploymentPostprocessing = 0;
		};
/* End PBXResourcesBuildPhase section */

/* Begin PBXShellScriptBuildPhase section */
		4879A832280D8D350049B8E4 /* ShellScript */ = {
			isa = PBXShellScriptBuildPhase;
			buildActionMask = 2147483647;
			files = (
			);
			inputFileListPaths = (
			);
			inputPaths = (
			);
			outputFileListPaths = (
			);
			outputPaths = (
			);
			runOnlyForDeploymentPostprocessing = 0;
			shellPath = /bin/sh;
			shellScript = "${PODS_ROOT}/SwiftLint/swiftlint autocorrect\n";
		};
		E67E15988467DBA3856CE89E /* [CP] Check Pods Manifest.lock */ = {
			isa = PBXShellScriptBuildPhase;
			buildActionMask = 2147483647;
			files = (
			);
			inputFileListPaths = (
			);
			inputPaths = (
				"${PODS_PODFILE_DIR_PATH}/Podfile.lock",
				"${PODS_ROOT}/Manifest.lock",
			);
			name = "[CP] Check Pods Manifest.lock";
			outputFileListPaths = (
			);
			outputPaths = (
				"$(DERIVED_FILE_DIR)/Pods-My_Market_Place-checkManifestLockResult.txt",
			);
			runOnlyForDeploymentPostprocessing = 0;
			shellPath = /bin/sh;
			shellScript = "diff \"${PODS_PODFILE_DIR_PATH}/Podfile.lock\" \"${PODS_ROOT}/Manifest.lock\" > /dev/null\nif [ $? != 0 ] ; then\n    # print error to STDERR\n    echo \"error: The sandbox is not in sync with the Podfile.lock. Run 'pod install' or update your CocoaPods installation.\" >&2\n    exit 1\nfi\n# This output is used by Xcode 'outputs' to avoid re-running this script phase.\necho \"SUCCESS\" > \"${SCRIPT_OUTPUT_FILE_0}\"\n";
			showEnvVarsInLog = 0;
		};
/* End PBXShellScriptBuildPhase section */

/* Begin PBXSourcesBuildPhase section */
		483DEE79280D94FA00EBF77B /* Sources */ = {
			isa = PBXSourcesBuildPhase;
			buildActionMask = 2147483647;
			files = (
				483DEE80280D94FA00EBF77B /* My_Market_Place_Tests.swift in Sources */,
			);
			runOnlyForDeploymentPostprocessing = 0;
		};
		48CB5541280D869F002C8676 /* Sources */ = {
			isa = PBXSourcesBuildPhase;
			buildActionMask = 2147483647;
			files = (
				48CB554D280D869F002C8676 /* ViewController.swift in Sources */,
				488C36D2281EB844005BA035 /* URLSessionProtocol.swift in Sources */,
				4844138928168463005ADDB3 /* ProductList.swift in Sources */,
				48E5635F2819794500CB17DF /* DeleteProductRequest.swift in Sources */,
				484413972817E845005ADDB3 /* ProductDetail.swift in Sources */,
				48E5635D2817F86000CB17DF /* ModifiyProductRequest.swift in Sources */,
				4844138B2816846C005ADDB3 /* ProductPreview.swift in Sources */,
				484413872816844C005ADDB3 /* ProductListRequest.swift in Sources */,
				48CB5549280D869F002C8676 /* AppDelegate.swift in Sources */,
				4844138F2817E2BA005ADDB3 /* RegistProductRequest.swift in Sources */,
				484413912817E2CD005ADDB3 /* ProductParam.swift in Sources */,
				488C36D4281EC0BF005BA035 /* MockURLSession.swift in Sources */,
				484413952817E527005ADDB3 /* RegistImage.swift in Sources */,
				484413992817E8C1005ADDB3 /* Vendor.swift in Sources */,
				4844138D281686DB005ADDB3 /* Currency.swift in Sources */,
				48E5636128197A4A00CB17DF /* VendorSecretKey.swift in Sources */,
				48E563662819801A00CB17DF /* URLSessionProvider.swift in Sources */,
				48E563692819840000CB17DF /* NetworkError.swift in Sources */,
				48CB554B280D869F002C8676 /* SceneDelegate.swift in Sources */,
				484413932817E363005ADDB3 /* Image.swift in Sources */,
			);
			runOnlyForDeploymentPostprocessing = 0;
		};
/* End PBXSourcesBuildPhase section */

/* Begin PBXTargetDependency section */
		483DEE82280D94FA00EBF77B /* PBXTargetDependency */ = {
			isa = PBXTargetDependency;
			target = 48CB5544280D869F002C8676 /* My_Market_Place */;
			targetProxy = 483DEE81280D94FA00EBF77B /* PBXContainerItemProxy */;
		};
/* End PBXTargetDependency section */

/* Begin PBXVariantGroup section */
		48CB554E280D869F002C8676 /* Main.storyboard */ = {
			isa = PBXVariantGroup;
			children = (
				48CB554F280D869F002C8676 /* Base */,
			);
			name = Main.storyboard;
			sourceTree = "<group>";
		};
		48CB5553280D86A0002C8676 /* LaunchScreen.storyboard */ = {
			isa = PBXVariantGroup;
			children = (
				48CB5554280D86A0002C8676 /* Base */,
			);
			name = LaunchScreen.storyboard;
			sourceTree = "<group>";
		};
/* End PBXVariantGroup section */

/* Begin XCBuildConfiguration section */
		483DEE84280D94FA00EBF77B /* Debug */ = {
			isa = XCBuildConfiguration;
			buildSettings = {
				BUNDLE_LOADER = "$(TEST_HOST)";
				CODE_SIGN_STYLE = Automatic;
				CURRENT_PROJECT_VERSION = 1;
				DEVELOPMENT_TEAM = 54T77SSM5Q;
				GENERATE_INFOPLIST_FILE = YES;
				LD_RUNPATH_SEARCH_PATHS = (
					"$(inherited)",
					"@executable_path/Frameworks",
					"@loader_path/Frameworks",
				);
				MARKETING_VERSION = 1.0;
				PRODUCT_BUNDLE_IDENTIFIER = "a.My-Market-Place-Tests";
				PRODUCT_NAME = "$(TARGET_NAME)";
				SWIFT_EMIT_LOC_STRINGS = NO;
				SWIFT_VERSION = 5.0;
				TARGETED_DEVICE_FAMILY = "1,2";
				TEST_HOST = "$(BUILT_PRODUCTS_DIR)/My_Market_Place.app/My_Market_Place";
			};
			name = Debug;
		};
		483DEE85280D94FA00EBF77B /* Release */ = {
			isa = XCBuildConfiguration;
			buildSettings = {
				BUNDLE_LOADER = "$(TEST_HOST)";
				CODE_SIGN_STYLE = Automatic;
				CURRENT_PROJECT_VERSION = 1;
				DEVELOPMENT_TEAM = 54T77SSM5Q;
				GENERATE_INFOPLIST_FILE = YES;
				LD_RUNPATH_SEARCH_PATHS = (
					"$(inherited)",
					"@executable_path/Frameworks",
					"@loader_path/Frameworks",
				);
				MARKETING_VERSION = 1.0;
				PRODUCT_BUNDLE_IDENTIFIER = "a.My-Market-Place-Tests";
				PRODUCT_NAME = "$(TARGET_NAME)";
				SWIFT_EMIT_LOC_STRINGS = NO;
				SWIFT_VERSION = 5.0;
				TARGETED_DEVICE_FAMILY = "1,2";
				TEST_HOST = "$(BUILT_PRODUCTS_DIR)/My_Market_Place.app/My_Market_Place";
			};
			name = Release;
		};
		48CB5557280D86A0002C8676 /* Debug */ = {
			isa = XCBuildConfiguration;
			buildSettings = {
				ALWAYS_SEARCH_USER_PATHS = NO;
				CLANG_ANALYZER_NONNULL = YES;
				CLANG_ANALYZER_NUMBER_OBJECT_CONVERSION = YES_AGGRESSIVE;
				CLANG_CXX_LANGUAGE_STANDARD = "gnu++17";
				CLANG_CXX_LIBRARY = "libc++";
				CLANG_ENABLE_MODULES = YES;
				CLANG_ENABLE_OBJC_ARC = YES;
				CLANG_ENABLE_OBJC_WEAK = YES;
				CLANG_WARN_BLOCK_CAPTURE_AUTORELEASING = YES;
				CLANG_WARN_BOOL_CONVERSION = YES;
				CLANG_WARN_COMMA = YES;
				CLANG_WARN_CONSTANT_CONVERSION = YES;
				CLANG_WARN_DEPRECATED_OBJC_IMPLEMENTATIONS = YES;
				CLANG_WARN_DIRECT_OBJC_ISA_USAGE = YES_ERROR;
				CLANG_WARN_DOCUMENTATION_COMMENTS = YES;
				CLANG_WARN_EMPTY_BODY = YES;
				CLANG_WARN_ENUM_CONVERSION = YES;
				CLANG_WARN_INFINITE_RECURSION = YES;
				CLANG_WARN_INT_CONVERSION = YES;
				CLANG_WARN_NON_LITERAL_NULL_CONVERSION = YES;
				CLANG_WARN_OBJC_IMPLICIT_RETAIN_SELF = YES;
				CLANG_WARN_OBJC_LITERAL_CONVERSION = YES;
				CLANG_WARN_OBJC_ROOT_CLASS = YES_ERROR;
				CLANG_WARN_QUOTED_INCLUDE_IN_FRAMEWORK_HEADER = YES;
				CLANG_WARN_RANGE_LOOP_ANALYSIS = YES;
				CLANG_WARN_STRICT_PROTOTYPES = YES;
				CLANG_WARN_SUSPICIOUS_MOVE = YES;
				CLANG_WARN_UNGUARDED_AVAILABILITY = YES_AGGRESSIVE;
				CLANG_WARN_UNREACHABLE_CODE = YES;
				CLANG_WARN__DUPLICATE_METHOD_MATCH = YES;
				COPY_PHASE_STRIP = NO;
				DEBUG_INFORMATION_FORMAT = dwarf;
				ENABLE_STRICT_OBJC_MSGSEND = YES;
				ENABLE_TESTABILITY = YES;
				GCC_C_LANGUAGE_STANDARD = gnu11;
				GCC_DYNAMIC_NO_PIC = NO;
				GCC_NO_COMMON_BLOCKS = YES;
				GCC_OPTIMIZATION_LEVEL = 0;
				GCC_PREPROCESSOR_DEFINITIONS = (
					"DEBUG=1",
					"$(inherited)",
				);
				GCC_WARN_64_TO_32_BIT_CONVERSION = YES;
				GCC_WARN_ABOUT_RETURN_TYPE = YES_ERROR;
				GCC_WARN_UNDECLARED_SELECTOR = YES;
				GCC_WARN_UNINITIALIZED_AUTOS = YES_AGGRESSIVE;
				GCC_WARN_UNUSED_FUNCTION = YES;
				GCC_WARN_UNUSED_VARIABLE = YES;
				IPHONEOS_DEPLOYMENT_TARGET = 15.0;
				MTL_ENABLE_DEBUG_INFO = INCLUDE_SOURCE;
				MTL_FAST_MATH = YES;
				ONLY_ACTIVE_ARCH = YES;
				SDKROOT = iphoneos;
				SWIFT_ACTIVE_COMPILATION_CONDITIONS = DEBUG;
				SWIFT_OPTIMIZATION_LEVEL = "-Onone";
			};
			name = Debug;
		};
		48CB5558280D86A0002C8676 /* Release */ = {
			isa = XCBuildConfiguration;
			buildSettings = {
				ALWAYS_SEARCH_USER_PATHS = NO;
				CLANG_ANALYZER_NONNULL = YES;
				CLANG_ANALYZER_NUMBER_OBJECT_CONVERSION = YES_AGGRESSIVE;
				CLANG_CXX_LANGUAGE_STANDARD = "gnu++17";
				CLANG_CXX_LIBRARY = "libc++";
				CLANG_ENABLE_MODULES = YES;
				CLANG_ENABLE_OBJC_ARC = YES;
				CLANG_ENABLE_OBJC_WEAK = YES;
				CLANG_WARN_BLOCK_CAPTURE_AUTORELEASING = YES;
				CLANG_WARN_BOOL_CONVERSION = YES;
				CLANG_WARN_COMMA = YES;
				CLANG_WARN_CONSTANT_CONVERSION = YES;
				CLANG_WARN_DEPRECATED_OBJC_IMPLEMENTATIONS = YES;
				CLANG_WARN_DIRECT_OBJC_ISA_USAGE = YES_ERROR;
				CLANG_WARN_DOCUMENTATION_COMMENTS = YES;
				CLANG_WARN_EMPTY_BODY = YES;
				CLANG_WARN_ENUM_CONVERSION = YES;
				CLANG_WARN_INFINITE_RECURSION = YES;
				CLANG_WARN_INT_CONVERSION = YES;
				CLANG_WARN_NON_LITERAL_NULL_CONVERSION = YES;
				CLANG_WARN_OBJC_IMPLICIT_RETAIN_SELF = YES;
				CLANG_WARN_OBJC_LITERAL_CONVERSION = YES;
				CLANG_WARN_OBJC_ROOT_CLASS = YES_ERROR;
				CLANG_WARN_QUOTED_INCLUDE_IN_FRAMEWORK_HEADER = YES;
				CLANG_WARN_RANGE_LOOP_ANALYSIS = YES;
				CLANG_WARN_STRICT_PROTOTYPES = YES;
				CLANG_WARN_SUSPICIOUS_MOVE = YES;
				CLANG_WARN_UNGUARDED_AVAILABILITY = YES_AGGRESSIVE;
				CLANG_WARN_UNREACHABLE_CODE = YES;
				CLANG_WARN__DUPLICATE_METHOD_MATCH = YES;
				COPY_PHASE_STRIP = NO;
				DEBUG_INFORMATION_FORMAT = "dwarf-with-dsym";
				ENABLE_NS_ASSERTIONS = NO;
				ENABLE_STRICT_OBJC_MSGSEND = YES;
				GCC_C_LANGUAGE_STANDARD = gnu11;
				GCC_NO_COMMON_BLOCKS = YES;
				GCC_WARN_64_TO_32_BIT_CONVERSION = YES;
				GCC_WARN_ABOUT_RETURN_TYPE = YES_ERROR;
				GCC_WARN_UNDECLARED_SELECTOR = YES;
				GCC_WARN_UNINITIALIZED_AUTOS = YES_AGGRESSIVE;
				GCC_WARN_UNUSED_FUNCTION = YES;
				GCC_WARN_UNUSED_VARIABLE = YES;
				IPHONEOS_DEPLOYMENT_TARGET = 15.0;
				MTL_ENABLE_DEBUG_INFO = NO;
				MTL_FAST_MATH = YES;
				SDKROOT = iphoneos;
				SWIFT_COMPILATION_MODE = wholemodule;
				SWIFT_OPTIMIZATION_LEVEL = "-O";
				VALIDATE_PRODUCT = YES;
			};
			name = Release;
		};
		48CB555A280D86A0002C8676 /* Debug */ = {
			isa = XCBuildConfiguration;
			baseConfigurationReference = B5C455A842E812F6A1CCDF04 /* Pods-My_Market_Place.debug.xcconfig */;
			buildSettings = {
				ASSETCATALOG_COMPILER_APPICON_NAME = AppIcon;
				ASSETCATALOG_COMPILER_GLOBAL_ACCENT_COLOR_NAME = AccentColor;
				CODE_SIGN_STYLE = Automatic;
				CURRENT_PROJECT_VERSION = 1;
				DEVELOPMENT_TEAM = 54T77SSM5Q;
				GENERATE_INFOPLIST_FILE = YES;
				INFOPLIST_FILE = My_Market_Place/Info.plist;
				INFOPLIST_KEY_UIApplicationSupportsIndirectInputEvents = YES;
				INFOPLIST_KEY_UILaunchStoryboardName = LaunchScreen;
				INFOPLIST_KEY_UIMainStoryboardFile = Main;
				INFOPLIST_KEY_UISupportedInterfaceOrientations_iPad = "UIInterfaceOrientationPortrait UIInterfaceOrientationPortraitUpsideDown UIInterfaceOrientationLandscapeLeft UIInterfaceOrientationLandscapeRight";
				INFOPLIST_KEY_UISupportedInterfaceOrientations_iPhone = "UIInterfaceOrientationPortrait UIInterfaceOrientationLandscapeLeft UIInterfaceOrientationLandscapeRight";
				LD_RUNPATH_SEARCH_PATHS = (
					"$(inherited)",
					"@executable_path/Frameworks",
				);
				MARKETING_VERSION = 1.0;
				PRODUCT_BUNDLE_IDENTIFIER = "a.My-Market-Place";
				PRODUCT_NAME = "$(TARGET_NAME)";
				SWIFT_EMIT_LOC_STRINGS = YES;
				SWIFT_VERSION = 5.0;
				TARGETED_DEVICE_FAMILY = "1,2";
			};
			name = Debug;
		};
		48CB555B280D86A0002C8676 /* Release */ = {
			isa = XCBuildConfiguration;
			baseConfigurationReference = 148EE5E24E2E5D074762F05A /* Pods-My_Market_Place.release.xcconfig */;
			buildSettings = {
				ASSETCATALOG_COMPILER_APPICON_NAME = AppIcon;
				ASSETCATALOG_COMPILER_GLOBAL_ACCENT_COLOR_NAME = AccentColor;
				CODE_SIGN_STYLE = Automatic;
				CURRENT_PROJECT_VERSION = 1;
				DEVELOPMENT_TEAM = 54T77SSM5Q;
				GENERATE_INFOPLIST_FILE = YES;
				INFOPLIST_FILE = My_Market_Place/Info.plist;
				INFOPLIST_KEY_UIApplicationSupportsIndirectInputEvents = YES;
				INFOPLIST_KEY_UILaunchStoryboardName = LaunchScreen;
				INFOPLIST_KEY_UIMainStoryboardFile = Main;
				INFOPLIST_KEY_UISupportedInterfaceOrientations_iPad = "UIInterfaceOrientationPortrait UIInterfaceOrientationPortraitUpsideDown UIInterfaceOrientationLandscapeLeft UIInterfaceOrientationLandscapeRight";
				INFOPLIST_KEY_UISupportedInterfaceOrientations_iPhone = "UIInterfaceOrientationPortrait UIInterfaceOrientationLandscapeLeft UIInterfaceOrientationLandscapeRight";
				LD_RUNPATH_SEARCH_PATHS = (
					"$(inherited)",
					"@executable_path/Frameworks",
				);
				MARKETING_VERSION = 1.0;
				PRODUCT_BUNDLE_IDENTIFIER = "a.My-Market-Place";
				PRODUCT_NAME = "$(TARGET_NAME)";
				SWIFT_EMIT_LOC_STRINGS = YES;
				SWIFT_VERSION = 5.0;
				TARGETED_DEVICE_FAMILY = "1,2";
			};
			name = Release;
		};
/* End XCBuildConfiguration section */

/* Begin XCConfigurationList section */
		483DEE83280D94FA00EBF77B /* Build configuration list for PBXNativeTarget "My_Market_Place_Tests" */ = {
			isa = XCConfigurationList;
			buildConfigurations = (
				483DEE84280D94FA00EBF77B /* Debug */,
				483DEE85280D94FA00EBF77B /* Release */,
			);
			defaultConfigurationIsVisible = 0;
			defaultConfigurationName = Release;
		};
		48CB5540280D869F002C8676 /* Build configuration list for PBXProject "My_Market_Place" */ = {
			isa = XCConfigurationList;
			buildConfigurations = (
				48CB5557280D86A0002C8676 /* Debug */,
				48CB5558280D86A0002C8676 /* Release */,
			);
			defaultConfigurationIsVisible = 0;
			defaultConfigurationName = Release;
		};
		48CB5559280D86A0002C8676 /* Build configuration list for PBXNativeTarget "My_Market_Place" */ = {
			isa = XCConfigurationList;
			buildConfigurations = (
				48CB555A280D86A0002C8676 /* Debug */,
				48CB555B280D86A0002C8676 /* Release */,
			);
			defaultConfigurationIsVisible = 0;
			defaultConfigurationName = Release;
		};
/* End XCConfigurationList section */
	};
	rootObject = 48CB553D280D869F002C8676 /* Project object */;
}
